// !$*UTF8*$!
{
	archiveVersion = 1;
	classes = {
	};
	objectVersion = 50;
	objects = {

/* Begin PBXBuildFile section */
		63DB2CF723E0FF78000DB163 /* AppDelegate.swift in Sources */ = {isa = PBXBuildFile; fileRef = 63DB2CF623E0FF78000DB163 /* AppDelegate.swift */; };
		63DB2CF923E0FF78000DB163 /* SceneDelegate.swift in Sources */ = {isa = PBXBuildFile; fileRef = 63DB2CF823E0FF78000DB163 /* SceneDelegate.swift */; };
		63DB2D0023E0FF7B000DB163 /* Assets.xcassets in Resources */ = {isa = PBXBuildFile; fileRef = 63DB2CFF23E0FF7B000DB163 /* Assets.xcassets */; };
		63DB2D0323E0FF7B000DB163 /* LaunchScreen.storyboard in Resources */ = {isa = PBXBuildFile; fileRef = 63DB2D0123E0FF7B000DB163 /* LaunchScreen.storyboard */; };
		63DB2D0B23E13377000DB163 /* SearchVC.swift in Sources */ = {isa = PBXBuildFile; fileRef = 63DB2D0A23E13377000DB163 /* SearchVC.swift */; };
		63DB2D0D23E133A1000DB163 /* FavoritesListVC.swift in Sources */ = {isa = PBXBuildFile; fileRef = 63DB2D0C23E133A1000DB163 /* FavoritesListVC.swift */; };
		63DB2D0F23E13879000DB163 /* GFButton.swift in Sources */ = {isa = PBXBuildFile; fileRef = 63DB2D0E23E13879000DB163 /* GFButton.swift */; };
		63DB2D1123E13B21000DB163 /* GFTextField.swift in Sources */ = {isa = PBXBuildFile; fileRef = 63DB2D1023E13B21000DB163 /* GFTextField.swift */; };
		63DB2D1323E26B24000DB163 /* FollowerListVC.swift in Sources */ = {isa = PBXBuildFile; fileRef = 63DB2D1223E26B24000DB163 /* FollowerListVC.swift */; };
		63DB2D1523E28384000DB163 /* String+Ext.swift in Sources */ = {isa = PBXBuildFile; fileRef = 63DB2D1423E28384000DB163 /* String+Ext.swift */; };
		63DB2D1723E286B2000DB163 /* GFTitleLabel.swift in Sources */ = {isa = PBXBuildFile; fileRef = 63DB2D1623E286B2000DB163 /* GFTitleLabel.swift */; };
		63DB2D1923E28865000DB163 /* GFBodyLabel.swift in Sources */ = {isa = PBXBuildFile; fileRef = 63DB2D1823E28865000DB163 /* GFBodyLabel.swift */; };
		63DB2D1B23E2891C000DB163 /* GFAlertVC.swift in Sources */ = {isa = PBXBuildFile; fileRef = 63DB2D1A23E2891C000DB163 /* GFAlertVC.swift */; };
		63DB2D1D23E29384000DB163 /* UIViewController+Ext.swift in Sources */ = {isa = PBXBuildFile; fileRef = 63DB2D1C23E29384000DB163 /* UIViewController+Ext.swift */; };
		63DB2D2423E3F58F000DB163 /* Follower.swift in Sources */ = {isa = PBXBuildFile; fileRef = 63DB2D2323E3F58F000DB163 /* Follower.swift */; };
		63DB2D2623E3F64A000DB163 /* User.swift in Sources */ = {isa = PBXBuildFile; fileRef = 63DB2D2523E3F64A000DB163 /* User.swift */; };
/* End PBXBuildFile section */

/* Begin PBXFileReference section */
		63DB2CF323E0FF78000DB163 /* GHFollowers.app */ = {isa = PBXFileReference; explicitFileType = wrapper.application; includeInIndex = 0; path = GHFollowers.app; sourceTree = BUILT_PRODUCTS_DIR; };
		63DB2CF623E0FF78000DB163 /* AppDelegate.swift */ = {isa = PBXFileReference; lastKnownFileType = sourcecode.swift; path = AppDelegate.swift; sourceTree = "<group>"; };
		63DB2CF823E0FF78000DB163 /* SceneDelegate.swift */ = {isa = PBXFileReference; lastKnownFileType = sourcecode.swift; path = SceneDelegate.swift; sourceTree = "<group>"; };
		63DB2CFF23E0FF7B000DB163 /* Assets.xcassets */ = {isa = PBXFileReference; lastKnownFileType = folder.assetcatalog; path = Assets.xcassets; sourceTree = "<group>"; };
		63DB2D0223E0FF7B000DB163 /* Base */ = {isa = PBXFileReference; lastKnownFileType = file.storyboard; name = Base; path = Base.lproj/LaunchScreen.storyboard; sourceTree = "<group>"; };
		63DB2D0423E0FF7B000DB163 /* Info.plist */ = {isa = PBXFileReference; lastKnownFileType = text.plist.xml; path = Info.plist; sourceTree = "<group>"; };
		63DB2D0A23E13377000DB163 /* SearchVC.swift */ = {isa = PBXFileReference; lastKnownFileType = sourcecode.swift; path = SearchVC.swift; sourceTree = "<group>"; };
		63DB2D0C23E133A1000DB163 /* FavoritesListVC.swift */ = {isa = PBXFileReference; lastKnownFileType = sourcecode.swift; path = FavoritesListVC.swift; sourceTree = "<group>"; };
		63DB2D0E23E13879000DB163 /* GFButton.swift */ = {isa = PBXFileReference; lastKnownFileType = sourcecode.swift; path = GFButton.swift; sourceTree = "<group>"; };
		63DB2D1023E13B21000DB163 /* GFTextField.swift */ = {isa = PBXFileReference; lastKnownFileType = sourcecode.swift; path = GFTextField.swift; sourceTree = "<group>"; };
		63DB2D1223E26B24000DB163 /* FollowerListVC.swift */ = {isa = PBXFileReference; lastKnownFileType = sourcecode.swift; path = FollowerListVC.swift; sourceTree = "<group>"; };
		63DB2D1423E28384000DB163 /* String+Ext.swift */ = {isa = PBXFileReference; fileEncoding = 4; lastKnownFileType = sourcecode.swift; path = "String+Ext.swift"; sourceTree = "<group>"; };
		63DB2D1623E286B2000DB163 /* GFTitleLabel.swift */ = {isa = PBXFileReference; lastKnownFileType = sourcecode.swift; path = GFTitleLabel.swift; sourceTree = "<group>"; };
		63DB2D1823E28865000DB163 /* GFBodyLabel.swift */ = {isa = PBXFileReference; lastKnownFileType = sourcecode.swift; path = GFBodyLabel.swift; sourceTree = "<group>"; };
		63DB2D1A23E2891C000DB163 /* GFAlertVC.swift */ = {isa = PBXFileReference; lastKnownFileType = sourcecode.swift; path = GFAlertVC.swift; sourceTree = "<group>"; };
		63DB2D1C23E29384000DB163 /* UIViewController+Ext.swift */ = {isa = PBXFileReference; lastKnownFileType = sourcecode.swift; path = "UIViewController+Ext.swift"; sourceTree = "<group>"; };
		63DB2D2323E3F58F000DB163 /* Follower.swift */ = {isa = PBXFileReference; lastKnownFileType = sourcecode.swift; path = Follower.swift; sourceTree = "<group>"; };
		63DB2D2523E3F64A000DB163 /* User.swift */ = {isa = PBXFileReference; lastKnownFileType = sourcecode.swift; path = User.swift; sourceTree = "<group>"; };
/* End PBXFileReference section */

/* Begin PBXFrameworksBuildPhase section */
		63DB2CF023E0FF78000DB163 /* Frameworks */ = {
			isa = PBXFrameworksBuildPhase;
			buildActionMask = 2147483647;
			files = (
			);
			runOnlyForDeploymentPostprocessing = 0;
		};
/* End PBXFrameworksBuildPhase section */

/* Begin PBXGroup section */
		63DB2CEA23E0FF78000DB163 = {
			isa = PBXGroup;
			children = (
				63DB2CF523E0FF78000DB163 /* GHFollowers */,
				63DB2CF423E0FF78000DB163 /* Products */,
			);
			sourceTree = "<group>";
		};
		63DB2CF423E0FF78000DB163 /* Products */ = {
			isa = PBXGroup;
			children = (
				63DB2CF323E0FF78000DB163 /* GHFollowers.app */,
			);
			name = Products;
			sourceTree = "<group>";
		};
		63DB2CF523E0FF78000DB163 /* GHFollowers */ = {
			isa = PBXGroup;
			children = (
				63DB2D2223E3F582000DB163 /* Model */,
				63DB2D1F23E2998A000DB163 /* Custom Views */,
				63DB2D2023E299BF000DB163 /* Extensions */,
				63DB2D1E23E29959000DB163 /* Screens */,
				63DB2D2123E29A1F000DB163 /* Support */,
				63DB2D0423E0FF7B000DB163 /* Info.plist */,
			);
			path = GHFollowers;
			sourceTree = "<group>";
		};
		63DB2D1E23E29959000DB163 /* Screens */ = {
			isa = PBXGroup;
			children = (
				63DB2D0C23E133A1000DB163 /* FavoritesListVC.swift */,
				63DB2D1223E26B24000DB163 /* FollowerListVC.swift */,
				63DB2D0A23E13377000DB163 /* SearchVC.swift */,
			);
			path = Screens;
			sourceTree = "<group>";
		};
		63DB2D1F23E2998A000DB163 /* Custom Views */ = {
			isa = PBXGroup;
			children = (
				63DB2D1A23E2891C000DB163 /* GFAlertVC.swift */,
				63DB2D1823E28865000DB163 /* GFBodyLabel.swift */,
				63DB2D0E23E13879000DB163 /* GFButton.swift */,
				63DB2D1023E13B21000DB163 /* GFTextField.swift */,
				63DB2D1623E286B2000DB163 /* GFTitleLabel.swift */,
			);
			path = "Custom Views";
			sourceTree = "<group>";
		};
		63DB2D2023E299BF000DB163 /* Extensions */ = {
			isa = PBXGroup;
			children = (
				63DB2D1423E28384000DB163 /* String+Ext.swift */,
				63DB2D1C23E29384000DB163 /* UIViewController+Ext.swift */,
			);
			path = Extensions;
			sourceTree = "<group>";
		};
		63DB2D2123E29A1F000DB163 /* Support */ = {
			isa = PBXGroup;
			children = (
				63DB2CF623E0FF78000DB163 /* AppDelegate.swift */,
				63DB2CF823E0FF78000DB163 /* SceneDelegate.swift */,
				63DB2CFF23E0FF7B000DB163 /* Assets.xcassets */,
				63DB2D0123E0FF7B000DB163 /* LaunchScreen.storyboard */,
			);
			path = Support;
			sourceTree = "<group>";
		};
		63DB2D2223E3F582000DB163 /* Model */ = {
			isa = PBXGroup;
			children = (
				63DB2D2323E3F58F000DB163 /* Follower.swift */,
				63DB2D2523E3F64A000DB163 /* User.swift */,
			);
			path = Model;
			sourceTree = "<group>";
		};
/* End PBXGroup section */

/* Begin PBXNativeTarget section */
		63DB2CF223E0FF78000DB163 /* GHFollowers */ = {
			isa = PBXNativeTarget;
			buildConfigurationList = 63DB2D0723E0FF7B000DB163 /* Build configuration list for PBXNativeTarget "GHFollowers" */;
			buildPhases = (
				63DB2CEF23E0FF78000DB163 /* Sources */,
				63DB2CF023E0FF78000DB163 /* Frameworks */,
				63DB2CF123E0FF78000DB163 /* Resources */,
			);
			buildRules = (
			);
			dependencies = (
			);
			name = GHFollowers;
			productName = GHFollowers;
			productReference = 63DB2CF323E0FF78000DB163 /* GHFollowers.app */;
			productType = "com.apple.product-type.application";
		};
/* End PBXNativeTarget section */

/* Begin PBXProject section */
		63DB2CEB23E0FF78000DB163 /* Project object */ = {
			isa = PBXProject;
			attributes = {
				LastSwiftUpdateCheck = 1130;
				LastUpgradeCheck = 1130;
				ORGANIZATIONNAME = "Brandon Maynard";
				TargetAttributes = {
					63DB2CF223E0FF78000DB163 = {
						CreatedOnToolsVersion = 11.3.1;
					};
				};
			};
			buildConfigurationList = 63DB2CEE23E0FF78000DB163 /* Build configuration list for PBXProject "GHFollowers" */;
			compatibilityVersion = "Xcode 9.3";
			developmentRegion = en;
			hasScannedForEncodings = 0;
			knownRegions = (
				en,
				Base,
			);
			mainGroup = 63DB2CEA23E0FF78000DB163;
			productRefGroup = 63DB2CF423E0FF78000DB163 /* Products */;
			projectDirPath = "";
			projectRoot = "";
			targets = (
				63DB2CF223E0FF78000DB163 /* GHFollowers */,
			);
		};
/* End PBXProject section */

/* Begin PBXResourcesBuildPhase section */
		63DB2CF123E0FF78000DB163 /* Resources */ = {
			isa = PBXResourcesBuildPhase;
			buildActionMask = 2147483647;
			files = (
				63DB2D0323E0FF7B000DB163 /* LaunchScreen.storyboard in Resources */,
				63DB2D0023E0FF7B000DB163 /* Assets.xcassets in Resources */,
			);
			runOnlyForDeploymentPostprocessing = 0;
		};
/* End PBXResourcesBuildPhase section */

/* Begin PBXSourcesBuildPhase section */
		63DB2CEF23E0FF78000DB163 /* Sources */ = {
			isa = PBXSourcesBuildPhase;
			buildActionMask = 2147483647;
			files = (
				63DB2D1123E13B21000DB163 /* GFTextField.swift in Sources */,
				63DB2D0D23E133A1000DB163 /* FavoritesListVC.swift in Sources */,
				63DB2D1D23E29384000DB163 /* UIViewController+Ext.swift in Sources */,
				63DB2D0F23E13879000DB163 /* GFButton.swift in Sources */,
				63DB2D0B23E13377000DB163 /* SearchVC.swift in Sources */,
				63DB2D1323E26B24000DB163 /* FollowerListVC.swift in Sources */,
				63DB2D2623E3F64A000DB163 /* User.swift in Sources */,
				63DB2D1B23E2891C000DB163 /* GFAlertVC.swift in Sources */,
				63DB2D2423E3F58F000DB163 /* Follower.swift in Sources */,
				63DB2CF723E0FF78000DB163 /* AppDelegate.swift in Sources */,
				63DB2D1723E286B2000DB163 /* GFTitleLabel.swift in Sources */,
				63DB2D1523E28384000DB163 /* String+Ext.swift in Sources */,
				63DB2CF923E0FF78000DB163 /* SceneDelegate.swift in Sources */,
				63DB2D1923E28865000DB163 /* GFBodyLabel.swift in Sources */,
			);
			runOnlyForDeploymentPostprocessing = 0;
		};
/* End PBXSourcesBuildPhase section */

/* Begin PBXVariantGroup section */
		63DB2D0123E0FF7B000DB163 /* LaunchScreen.storyboard */ = {
			isa = PBXVariantGroup;
			children = (
				63DB2D0223E0FF7B000DB163 /* Base */,
			);
			name = LaunchScreen.storyboard;
			sourceTree = "<group>";
		};
/* End PBXVariantGroup section */

/* Begin XCBuildConfiguration section */
		63DB2D0523E0FF7B000DB163 /* Debug */ = {
			isa = XCBuildConfiguration;
			buildSettings = {
				ALWAYS_SEARCH_USER_PATHS = NO;
				CLANG_ANALYZER_NONNULL = YES;
				CLANG_ANALYZER_NUMBER_OBJECT_CONVERSION = YES_AGGRESSIVE;
				CLANG_CXX_LANGUAGE_STANDARD = "gnu++14";
				CLANG_CXX_LIBRARY = "libc++";
				CLANG_ENABLE_MODULES = YES;
				CLANG_ENABLE_OBJC_ARC = YES;
				CLANG_ENABLE_OBJC_WEAK = YES;
				CLANG_WARN_BLOCK_CAPTURE_AUTORELEASING = YES;
				CLANG_WARN_BOOL_CONVERSION = YES;
				CLANG_WARN_COMMA = YES;
				CLANG_WARN_CONSTANT_CONVERSION = YES;
				CLANG_WARN_DEPRECATED_OBJC_IMPLEMENTATIONS = YES;
				CLANG_WARN_DIRECT_OBJC_ISA_USAGE = YES_ERROR;
				CLANG_WARN_DOCUMENTATION_COMMENTS = YES;
				CLANG_WARN_EMPTY_BODY = YES;
				CLANG_WARN_ENUM_CONVERSION = YES;
				CLANG_WARN_INFINITE_RECURSION = YES;
				CLANG_WARN_INT_CONVERSION = YES;
				CLANG_WARN_NON_LITERAL_NULL_CONVERSION = YES;
				CLANG_WARN_OBJC_IMPLICIT_RETAIN_SELF = YES;
				CLANG_WARN_OBJC_LITERAL_CONVERSION = YES;
				CLANG_WARN_OBJC_ROOT_CLASS = YES_ERROR;
				CLANG_WARN_RANGE_LOOP_ANALYSIS = YES;
				CLANG_WARN_STRICT_PROTOTYPES = YES;
				CLANG_WARN_SUSPICIOUS_MOVE = YES;
				CLANG_WARN_UNGUARDED_AVAILABILITY = YES_AGGRESSIVE;
				CLANG_WARN_UNREACHABLE_CODE = YES;
				CLANG_WARN__DUPLICATE_METHOD_MATCH = YES;
				COPY_PHASE_STRIP = NO;
				DEBUG_INFORMATION_FORMAT = dwarf;
				ENABLE_STRICT_OBJC_MSGSEND = YES;
				ENABLE_TESTABILITY = YES;
				GCC_C_LANGUAGE_STANDARD = gnu11;
				GCC_DYNAMIC_NO_PIC = NO;
				GCC_NO_COMMON_BLOCKS = YES;
				GCC_OPTIMIZATION_LEVEL = 0;
				GCC_PREPROCESSOR_DEFINITIONS = (
					"DEBUG=1",
					"$(inherited)",
				);
				GCC_WARN_64_TO_32_BIT_CONVERSION = YES;
				GCC_WARN_ABOUT_RETURN_TYPE = YES_ERROR;
				GCC_WARN_UNDECLARED_SELECTOR = YES;
				GCC_WARN_UNINITIALIZED_AUTOS = YES_AGGRESSIVE;
				GCC_WARN_UNUSED_FUNCTION = YES;
				GCC_WARN_UNUSED_VARIABLE = YES;
				IPHONEOS_DEPLOYMENT_TARGET = 13.2;
				MTL_ENABLE_DEBUG_INFO = INCLUDE_SOURCE;
				MTL_FAST_MATH = YES;
				ONLY_ACTIVE_ARCH = YES;
				SDKROOT = iphoneos;
				SWIFT_ACTIVE_COMPILATION_CONDITIONS = DEBUG;
				SWIFT_OPTIMIZATION_LEVEL = "-Onone";
			};
			name = Debug;
		};
		63DB2D0623E0FF7B000DB163 /* Release */ = {
			isa = XCBuildConfiguration;
			buildSettings = {
				ALWAYS_SEARCH_USER_PATHS = NO;
				CLANG_ANALYZER_NONNULL = YES;
				CLANG_ANALYZER_NUMBER_OBJECT_CONVERSION = YES_AGGRESSIVE;
				CLANG_CXX_LANGUAGE_STANDARD = "gnu++14";
				CLANG_CXX_LIBRARY = "libc++";
				CLANG_ENABLE_MODULES = YES;
				CLANG_ENABLE_OBJC_ARC = YES;
				CLANG_ENABLE_OBJC_WEAK = YES;
				CLANG_WARN_BLOCK_CAPTURE_AUTORELEASING = YES;
				CLANG_WARN_BOOL_CONVERSION = YES;
				CLANG_WARN_COMMA = YES;
				CLANG_WARN_CONSTANT_CONVERSION = YES;
				CLANG_WARN_DEPRECATED_OBJC_IMPLEMENTATIONS = YES;
				CLANG_WARN_DIRECT_OBJC_ISA_USAGE = YES_ERROR;
				CLANG_WARN_DOCUMENTATION_COMMENTS = YES;
				CLANG_WARN_EMPTY_BODY = YES;
				CLANG_WARN_ENUM_CONVERSION = YES;
				CLANG_WARN_INFINITE_RECURSION = YES;
				CLANG_WARN_INT_CONVERSION = YES;
				CLANG_WARN_NON_LITERAL_NULL_CONVERSION = YES;
				CLANG_WARN_OBJC_IMPLICIT_RETAIN_SELF = YES;
				CLANG_WARN_OBJC_LITERAL_CONVERSION = YES;
				CLANG_WARN_OBJC_ROOT_CLASS = YES_ERROR;
				CLANG_WARN_RANGE_LOOP_ANALYSIS = YES;
				CLANG_WARN_STRICT_PROTOTYPES = YES;
				CLANG_WARN_SUSPICIOUS_MOVE = YES;
				CLANG_WARN_UNGUARDED_AVAILABILITY = YES_AGGRESSIVE;
				CLANG_WARN_UNREACHABLE_CODE = YES;
				CLANG_WARN__DUPLICATE_METHOD_MATCH = YES;
				COPY_PHASE_STRIP = NO;
				DEBUG_INFORMATION_FORMAT = "dwarf-with-dsym";
				ENABLE_NS_ASSERTIONS = NO;
				ENABLE_STRICT_OBJC_MSGSEND = YES;
				GCC_C_LANGUAGE_STANDARD = gnu11;
				GCC_NO_COMMON_BLOCKS = YES;
				GCC_WARN_64_TO_32_BIT_CONVERSION = YES;
				GCC_WARN_ABOUT_RETURN_TYPE = YES_ERROR;
				GCC_WARN_UNDECLARED_SELECTOR = YES;
				GCC_WARN_UNINITIALIZED_AUTOS = YES_AGGRESSIVE;
				GCC_WARN_UNUSED_FUNCTION = YES;
				GCC_WARN_UNUSED_VARIABLE = YES;
				IPHONEOS_DEPLOYMENT_TARGET = 13.2;
				MTL_ENABLE_DEBUG_INFO = NO;
				MTL_FAST_MATH = YES;
				SDKROOT = iphoneos;
				SWIFT_COMPILATION_MODE = wholemodule;
				SWIFT_OPTIMIZATION_LEVEL = "-O";
				VALIDATE_PRODUCT = YES;
			};
			name = Release;
		};
		63DB2D0823E0FF7B000DB163 /* Debug */ = {
			isa = XCBuildConfiguration;
			buildSettings = {
				ASSETCATALOG_COMPILER_APPICON_NAME = AppIcon;
				CODE_SIGN_STYLE = Automatic;
				DEVELOPMENT_TEAM = LJABPM2A78;
				INFOPLIST_FILE = GHFollowers/Info.plist;
				LD_RUNPATH_SEARCH_PATHS = (
					"$(inherited)",
					"@executable_path/Frameworks",
				);
				PRODUCT_BUNDLE_IDENTIFIER = net.brandontyler.GHFollowers;
				PRODUCT_NAME = "$(TARGET_NAME)";
				SWIFT_VERSION = 5.0;
				TARGETED_DEVICE_FAMILY = 1;
			};
			name = Debug;
		};
		63DB2D0923E0FF7B000DB163 /* Release */ = {
			isa = XCBuildConfiguration;
			buildSettings = {
				ASSETCATALOG_COMPILER_APPICON_NAME = AppIcon;
				CODE_SIGN_STYLE = Automatic;
				DEVELOPMENT_TEAM = LJABPM2A78;
				INFOPLIST_FILE = GHFollowers/Info.plist;
				LD_RUNPATH_SEARCH_PATHS = (
					"$(inherited)",
					"@executable_path/Frameworks",
				);
				PRODUCT_BUNDLE_IDENTIFIER = net.brandontyler.GHFollowers;
				PRODUCT_NAME = "$(TARGET_NAME)";
				SWIFT_VERSION = 5.0;
				TARGETED_DEVICE_FAMILY = 1;
			};
			name = Release;
		};
/* End XCBuildConfiguration section */

/* Begin XCConfigurationList section */
		63DB2CEE23E0FF78000DB163 /* Build configuration list for PBXProject "GHFollowers" */ = {
			isa = XCConfigurationList;
			buildConfigurations = (
				63DB2D0523E0FF7B000DB163 /* Debug */,
				63DB2D0623E0FF7B000DB163 /* Release */,
			);
			defaultConfigurationIsVisible = 0;
			defaultConfigurationName = Release;
		};
		63DB2D0723E0FF7B000DB163 /* Build configuration list for PBXNativeTarget "GHFollowers" */ = {
			isa = XCConfigurationList;
			buildConfigurations = (
				63DB2D0823E0FF7B000DB163 /* Debug */,
				63DB2D0923E0FF7B000DB163 /* Release */,
			);
			defaultConfigurationIsVisible = 0;
			defaultConfigurationName = Release;
		};
/* End XCConfigurationList section */
	};
	rootObject = 63DB2CEB23E0FF78000DB163 /* Project object */;
}
